;;;;;;;;;;;;;;;;;;;;;;;;;;;;;;;;;;;;;;;;;;;;;;;;;;;;;;;;;;;;;;;;;;;;;;;;;;;;;;;;
;; This is autogenerated by CLPM. Do not edit by hand.
;;;;;;;;;;;;;;;;;;;;;;;;;;;;;;;;;;;;;;;;;;;;;;;;;;;;;;;;;;;;;;;;;;;;;;;;;;;;;;;;

(:api-version "0.4")

;;;;;;;;;;;;;;;;;;;;;;;;;;;;;;;;;;;;;;;;;;;;;;;;;;;;;;;;;;;;;;;;;;;;;;;;;;;;;;;;
;; BEGIN SOURCES
;;;;;;;;;;;;;;;;;;;;;;;;;;;;;;;;;;;;;;;;;;;;;;;;;;;;;;;;;;;;;;;;;;;;;;;;;;;;;;;;

:sources
(:implicit-file :type :file-system :system-files ("aoc2021.asd"))
("quicklisp" :url "https://quicklisp.common-lisp-project-index.org/" :type
 :ql-clpi)


;;;;;;;;;;;;;;;;;;;;;;;;;;;;;;;;;;;;;;;;;;;;;;;;;;;;;;;;;;;;;;;;;;;;;;;;;;;;;;;;
;; BEGIN REQUIREMENTS
;;;;;;;;;;;;;;;;;;;;;;;;;;;;;;;;;;;;;;;;;;;;;;;;;;;;;;;;;;;;;;;;;;;;;;;;;;;;;;;;

:requirements
(:system :name "swank")
(:system :name "slynk")
(:system :name "parachute")
(:asd-file :name "aoc2021.asd")


;;;;;;;;;;;;;;;;;;;;;;;;;;;;;;;;;;;;;;;;;;;;;;;;;;;;;;;;;;;;;;;;;;;;;;;;;;;;;;;;
;; BEGIN RELEASES
;;;;;;;;;;;;;;;;;;;;;;;;;;;;;;;;;;;;;;;;;;;;;;;;;;;;;;;;;;;;;;;;;;;;;;;;;;;;;;;;

:releases
("aoc2021.asd" :version :newest :source :implicit-file :systems
 ("aoc2021" "aoc2021/src/day-1" "aoc2021/src/day-2" "aoc2021/src/day-3"
  "aoc2021/test" "aoc2021/test/all"))
("documentation-utils" :version "2019-07-11" :source "quicklisp" :systems
 ("documentation-utils"))
("form-fiddle" :version "2019-07-11" :source "quicklisp" :systems
 ("form-fiddle"))
("parachute" :version "2021-10-21" :source "quicklisp" :systems ("parachute"))
("slime" :version "2020-12-20" :source "quicklisp" :systems ("swank"))
("sly" :version "2021-08-07" :source "quicklisp" :systems ("slynk"))
("trivial-indent" :version "2021-05-31" :source "quicklisp" :systems
 ("trivial-indent"))


;;;;;;;;;;;;;;;;;;;;;;;;;;;;;;;;;;;;;;;;;;;;;;;;;;;;;;;;;;;;;;;;;;;;;;;;;;;;;;;;
;; BEGIN REVERSE-DEPENDENCIES
;;;;;;;;;;;;;;;;;;;;;;;;;;;;;;;;;;;;;;;;;;;;;;;;;;;;;;;;;;;;;;;;;;;;;;;;;;;;;;;;

:reverse-dependencies
("aoc2021.asd"
 ((:system :name "aoc2021/test/all") (:system :name "aoc2021/src/day-1"))
 ((:system :name "aoc2021/test/all") (:system :name "aoc2021/src/day-2"))
 ((:system :name "aoc2021/test/all") (:system :name "aoc2021/src/day-3"))
 ((:system :name "aoc2021/test") (:system :name "aoc2021/test/all"))
 ((:system :name "aoc2021") (:system :name "aoc2021/src/day-1"))
 ((:system :name "aoc2021") (:system :name "aoc2021/src/day-2"))
 ((:system :name "aoc2021") (:system :name "aoc2021/src/day-3"))
 (t (:asd-file :name "aoc2021.asd")))

("documentation-utils"
 ((:system :name "parachute") (:system :name "documentation-utils"))
 ((:system :name "form-fiddle") (:system :name "documentation-utils")))

("form-fiddle" ((:system :name "parachute") (:system :name "form-fiddle")))

("parachute" ((:system :name "aoc2021/test/all") (:system :name "parachute"))
 ((:system :name "aoc2021/test") (:system :name "parachute"))
 (t (:system :name "parachute")))

("slime" (t (:system :name "swank")))

("sly" (t (:system :name "slynk")))

("trivial-indent"
 ((:system :name "documentation-utils") (:system :name "trivial-indent")))

